
Microsoft Visual Studio Solution File, Format Version 12.00
# Visual Studio 15
VisualStudioVersion = 15.0.26403.7
MinimumVisualStudioVersion = 10.0.40219.1
Project("{FAE04EC0-301F-11D3-BF4B-00C04F79EFBC}") = "ICARUS", "ICARUS.csproj", "{5332C97B-C7A8-45B0-98B3-CB86439E9303}"
EndProject
Project("{E53339B2-1760-4266-BCC7-CA923CBCF16C}") = "docker-compose", "..\docker-compose.dcproj", "{37423C29-65EC-4064-B1FF-D415A9300D1B}"
EndProject
Global
	GlobalSection(SolutionConfigurationPlatforms) = preSolution
		Debug|Any CPU = Debug|Any CPU
		Debug|x86 = Debug|x86
		Release|Any CPU = Release|Any CPU
		Release|x86 = Release|x86
	EndGlobalSection
	GlobalSection(ProjectConfigurationPlatforms) = postSolution
		{5332C97B-C7A8-45B0-98B3-CB86439E9303}.Debug|Any CPU.ActiveCfg = Debug|Any CPU
		{5332C97B-C7A8-45B0-98B3-CB86439E9303}.Debug|Any CPU.Build.0 = Debug|Any CPU
		{5332C97B-C7A8-45B0-98B3-CB86439E9303}.Debug|x86.ActiveCfg = Release|x86
		{5332C97B-C7A8-45B0-98B3-CB86439E9303}.Debug|x86.Build.0 = Release|x86
		{5332C97B-C7A8-45B0-98B3-CB86439E9303}.Release|Any CPU.ActiveCfg = Release|Any CPU
		{5332C97B-C7A8-45B0-98B3-CB86439E9303}.Release|Any CPU.Build.0 = Release|Any CPU
		{5332C97B-C7A8-45B0-98B3-CB86439E9303}.Release|x86.ActiveCfg = Release|x86
		{5332C97B-C7A8-45B0-98B3-CB86439E9303}.Release|x86.Build.0 = Release|x86
		{37423C29-65EC-4064-B1FF-D415A9300D1B}.Debug|Any CPU.ActiveCfg = Debug|Any CPU
		{37423C29-65EC-4064-B1FF-D415A9300D1B}.Debug|Any CPU.Build.0 = Debug|Any CPU
		{37423C29-65EC-4064-B1FF-D415A9300D1B}.Debug|x86.ActiveCfg = Debug|Any CPU
		{37423C29-65EC-4064-B1FF-D415A9300D1B}.Debug|x86.Build.0 = Debug|Any CPU
		{37423C29-65EC-4064-B1FF-D415A9300D1B}.Release|Any CPU.ActiveCfg = Release|Any CPU
		{37423C29-65EC-4064-B1FF-D415A9300D1B}.Release|Any CPU.Build.0 = Release|Any CPU
		{37423C29-65EC-4064-B1FF-D415A9300D1B}.Release|x86.ActiveCfg = Release|Any CPU
		{37423C29-65EC-4064-B1FF-D415A9300D1B}.Release|x86.Build.0 = Release|Any CPU
	EndGlobalSection
	GlobalSection(SolutionProperties) = preSolution
		HideSolutionNode = FALSE
	EndGlobalSection
	GlobalSection(ExtensibilityGlobals) = postSolution
		SolutionGuid = {ED38379C-2F90-4734-A7EA-B519B6C9F276}
	EndGlobalSection
EndGlobal
